Microsoft Visual Studio Solution File, Format Version 12.00
# Visual Studio Version 17
VisualStudioVersion = 17.0.31903.59
MinimumVisualStudioVersion = 10.0.40219.1
Project("{FAE04EC0-301F-11D3-BF4B-00C04F79EFBC}") = "Kopitra.ManagementApi", "src\Kopitra.ManagementApi\Kopitra.ManagementApi.csproj", "{0E0796E4-30AB-4D0E-8CCD-9454D325573C}"
EndProject
Project("{FAE04EC0-301F-11D3-BF4B-00C04F79EFBC}") = "Kopitra.ManagementApi.Tests", "tests\Kopitra.ManagementApi.Tests\Kopitra.ManagementApi.Tests.csproj", "{8C004669-B900-45EA-ABA1-0083065B88EE}"
EndProject
Project("{2150E333-8FDC-42A3-9474-1A3956D46DE8}") = "src", "src", "{17BFDB85-DD60-49C5-8515-F500102A5BF1}"
EndProject
Global
	GlobalSection(SolutionConfigurationPlatforms) = preSolution
		Debug|Any CPU = Debug|Any CPU
		Release|Any CPU = Release|Any CPU
	EndGlobalSection
	GlobalSection(ProjectConfigurationPlatforms) = postSolution
		{0E0796E4-30AB-4D0E-8CCD-9454D325573C}.Debug|Any CPU.ActiveCfg = Debug|Any CPU
		{0E0796E4-30AB-4D0E-8CCD-9454D325573C}.Debug|Any CPU.Build.0 = Debug|Any CPU
                {0E0796E4-30AB-4D0E-8CCD-9454D325573C}.Release|Any CPU.ActiveCfg = Release|Any CPU
                {0E0796E4-30AB-4D0E-8CCD-9454D325573C}.Release|Any CPU.Build.0 = Release|Any CPU
                {8C004669-B900-45EA-ABA1-0083065B88EE}.Debug|Any CPU.ActiveCfg = Debug|Any CPU
                {8C004669-B900-45EA-ABA1-0083065B88EE}.Debug|Any CPU.Build.0 = Debug|Any CPU
		{8C004669-B900-45EA-ABA1-0083065B88EE}.Release|Any CPU.ActiveCfg = Release|Any CPU
		{8C004669-B900-45EA-ABA1-0083065B88EE}.Release|Any CPU.Build.0 = Release|Any CPU
	EndGlobalSection
	GlobalSection(SolutionProperties) = preSolution
		HideSolutionNode = FALSE
	EndGlobalSection
EndGlobal
